
Microsoft Visual Studio Solution File, Format Version 12.00
# Visual Studio 15
VisualStudioVersion = 15.0.28307.168
MinimumVisualStudioVersion = 10.0.40219.1
Project("{FAE04EC0-301F-11D3-BF4B-00C04F79EFBC}") = "ShellWorkshop.Android", "ShellWorkshop\ShellWorkshop.Android\ShellWorkshop.Android.csproj", "{9A0CB6BC-BABB-43F5-B1FC-7346C74B6B82}"
EndProject
Project("{FAE04EC0-301F-11D3-BF4B-00C04F79EFBC}") = "ShellWorkshop.iOS", "ShellWorkshop\ShellWorkshop.iOS\ShellWorkshop.iOS.csproj", "{04A088C8-BB97-4A76-9CDF-BDAA2B5A0451}"
EndProject
Project("{FAE04EC0-301F-11D3-BF4B-00C04F79EFBC}") = "ShellWorkshop", "ShellWorkshop\ShellWorkshop\ShellWorkshop.csproj", "{40C783B8-1D98-4C4D-AC5F-B0943B1AD31E}"
EndProject
Global
	GlobalSection(SolutionConfigurationPlatforms) = preSolution
		Ad-Hoc|Any CPU = Ad-Hoc|Any CPU
		Ad-Hoc|iPhone = Ad-Hoc|iPhone
		Ad-Hoc|iPhoneSimulator = Ad-Hoc|iPhoneSimulator
		AppStore|Any CPU = AppStore|Any CPU
		AppStore|iPhone = AppStore|iPhone
		AppStore|iPhoneSimulator = AppStore|iPhoneSimulator
		Debug|Any CPU = Debug|Any CPU
		Debug|iPhone = Debug|iPhone
		Debug|iPhoneSimulator = Debug|iPhoneSimulator
		Release|Any CPU = Release|Any CPU
		Release|iPhone = Release|iPhone
		Release|iPhoneSimulator = Release|iPhoneSimulator
	EndGlobalSection
	GlobalSection(ProjectConfigurationPlatforms) = postSolution
		{9A0CB6BC-BABB-43F5-B1FC-7346C74B6B82}.Ad-Hoc|Any CPU.ActiveCfg = Release|Any CPU
		{9A0CB6BC-BABB-43F5-B1FC-7346C74B6B82}.Ad-Hoc|Any CPU.Build.0 = Release|Any CPU
		{9A0CB6BC-BABB-43F5-B1FC-7346C74B6B82}.Ad-Hoc|Any CPU.Deploy.0 = Release|Any CPU
		{9A0CB6BC-BABB-43F5-B1FC-7346C74B6B82}.Ad-Hoc|iPhone.ActiveCfg = Release|Any CPU
		{9A0CB6BC-BABB-43F5-B1FC-7346C74B6B82}.Ad-Hoc|iPhone.Build.0 = Release|Any CPU
		{9A0CB6BC-BABB-43F5-B1FC-7346C74B6B82}.Ad-Hoc|iPhone.Deploy.0 = Release|Any CPU
		{9A0CB6BC-BABB-43F5-B1FC-7346C74B6B82}.Ad-Hoc|iPhoneSimulator.ActiveCfg = Release|Any CPU
		{9A0CB6BC-BABB-43F5-B1FC-7346C74B6B82}.Ad-Hoc|iPhoneSimulator.Build.0 = Release|Any CPU
		{9A0CB6BC-BABB-43F5-B1FC-7346C74B6B82}.Ad-Hoc|iPhoneSimulator.Deploy.0 = Release|Any CPU
		{9A0CB6BC-BABB-43F5-B1FC-7346C74B6B82}.AppStore|Any CPU.ActiveCfg = Release|Any CPU
		{9A0CB6BC-BABB-43F5-B1FC-7346C74B6B82}.AppStore|Any CPU.Build.0 = Release|Any CPU
		{9A0CB6BC-BABB-43F5-B1FC-7346C74B6B82}.AppStore|Any CPU.Deploy.0 = Release|Any CPU
		{9A0CB6BC-BABB-43F5-B1FC-7346C74B6B82}.AppStore|iPhone.ActiveCfg = Release|Any CPU
		{9A0CB6BC-BABB-43F5-B1FC-7346C74B6B82}.AppStore|iPhone.Build.0 = Release|Any CPU
		{9A0CB6BC-BABB-43F5-B1FC-7346C74B6B82}.AppStore|iPhone.Deploy.0 = Release|Any CPU
		{9A0CB6BC-BABB-43F5-B1FC-7346C74B6B82}.AppStore|iPhoneSimulator.ActiveCfg = Release|Any CPU
		{9A0CB6BC-BABB-43F5-B1FC-7346C74B6B82}.AppStore|iPhoneSimulator.Build.0 = Release|Any CPU
		{9A0CB6BC-BABB-43F5-B1FC-7346C74B6B82}.AppStore|iPhoneSimulator.Deploy.0 = Release|Any CPU
		{9A0CB6BC-BABB-43F5-B1FC-7346C74B6B82}.Debug|Any CPU.ActiveCfg = Debug|Any CPU
		{9A0CB6BC-BABB-43F5-B1FC-7346C74B6B82}.Debug|Any CPU.Build.0 = Debug|Any CPU
		{9A0CB6BC-BABB-43F5-B1FC-7346C74B6B82}.Debug|Any CPU.Deploy.0 = Debug|Any CPU
		{9A0CB6BC-BABB-43F5-B1FC-7346C74B6B82}.Debug|iPhone.ActiveCfg = Debug|Any CPU
		{9A0CB6BC-BABB-43F5-B1FC-7346C74B6B82}.Debug|iPhone.Build.0 = Debug|Any CPU
		{9A0CB6BC-BABB-43F5-B1FC-7346C74B6B82}.Debug|iPhone.Deploy.0 = Debug|Any CPU
		{9A0CB6BC-BABB-43F5-B1FC-7346C74B6B82}.Debug|iPhoneSimulator.ActiveCfg = Debug|Any CPU
		{9A0CB6BC-BABB-43F5-B1FC-7346C74B6B82}.Debug|iPhoneSimulator.Build.0 = Debug|Any CPU
		{9A0CB6BC-BABB-43F5-B1FC-7346C74B6B82}.Debug|iPhoneSimulator.Deploy.0 = Debug|Any CPU
		{9A0CB6BC-BABB-43F5-B1FC-7346C74B6B82}.Release|Any CPU.ActiveCfg = Release|Any CPU
		{9A0CB6BC-BABB-43F5-B1FC-7346C74B6B82}.Release|Any CPU.Build.0 = Release|Any CPU
		{9A0CB6BC-BABB-43F5-B1FC-7346C74B6B82}.Release|Any CPU.Deploy.0 = Release|Any CPU
		{9A0CB6BC-BABB-43F5-B1FC-7346C74B6B82}.Release|iPhone.ActiveCfg = Release|Any CPU
		{9A0CB6BC-BABB-43F5-B1FC-7346C74B6B82}.Release|iPhone.Build.0 = Release|Any CPU
		{9A0CB6BC-BABB-43F5-B1FC-7346C74B6B82}.Release|iPhone.Deploy.0 = Release|Any CPU
		{9A0CB6BC-BABB-43F5-B1FC-7346C74B6B82}.Release|iPhoneSimulator.ActiveCfg = Release|Any CPU
		{9A0CB6BC-BABB-43F5-B1FC-7346C74B6B82}.Release|iPhoneSimulator.Build.0 = Release|Any CPU
		{9A0CB6BC-BABB-43F5-B1FC-7346C74B6B82}.Release|iPhoneSimulator.Deploy.0 = Release|Any CPU
		{04A088C8-BB97-4A76-9CDF-BDAA2B5A0451}.Ad-Hoc|Any CPU.ActiveCfg = Ad-Hoc|iPhone
		{04A088C8-BB97-4A76-9CDF-BDAA2B5A0451}.Ad-Hoc|Any CPU.Build.0 = Ad-Hoc|iPhone
		{04A088C8-BB97-4A76-9CDF-BDAA2B5A0451}.Ad-Hoc|Any CPU.Deploy.0 = Ad-Hoc|iPhone
		{04A088C8-BB97-4A76-9CDF-BDAA2B5A0451}.Ad-Hoc|iPhone.ActiveCfg = Ad-Hoc|iPhone
		{04A088C8-BB97-4A76-9CDF-BDAA2B5A0451}.Ad-Hoc|iPhone.Build.0 = Ad-Hoc|iPhone
		{04A088C8-BB97-4A76-9CDF-BDAA2B5A0451}.Ad-Hoc|iPhone.Deploy.0 = Ad-Hoc|iPhone
		{04A088C8-BB97-4A76-9CDF-BDAA2B5A0451}.Ad-Hoc|iPhoneSimulator.ActiveCfg = Ad-Hoc|iPhoneSimulator
		{04A088C8-BB97-4A76-9CDF-BDAA2B5A0451}.Ad-Hoc|iPhoneSimulator.Build.0 = Ad-Hoc|iPhoneSimulator
		{04A088C8-BB97-4A76-9CDF-BDAA2B5A0451}.Ad-Hoc|iPhoneSimulator.Deploy.0 = Ad-Hoc|iPhoneSimulator
		{04A088C8-BB97-4A76-9CDF-BDAA2B5A0451}.AppStore|Any CPU.ActiveCfg = AppStore|iPhone
		{04A088C8-BB97-4A76-9CDF-BDAA2B5A0451}.AppStore|Any CPU.Build.0 = AppStore|iPhone
		{04A088C8-BB97-4A76-9CDF-BDAA2B5A0451}.AppStore|Any CPU.Deploy.0 = AppStore|iPhone
		{04A088C8-BB97-4A76-9CDF-BDAA2B5A0451}.AppStore|iPhone.ActiveCfg = AppStore|iPhone
		{04A088C8-BB97-4A76-9CDF-BDAA2B5A0451}.AppStore|iPhone.Build.0 = AppStore|iPhone
		{04A088C8-BB97-4A76-9CDF-BDAA2B5A0451}.AppStore|iPhone.Deploy.0 = AppStore|iPhone
		{04A088C8-BB97-4A76-9CDF-BDAA2B5A0451}.AppStore|iPhoneSimulator.ActiveCfg = AppStore|iPhoneSimulator
		{04A088C8-BB97-4A76-9CDF-BDAA2B5A0451}.AppStore|iPhoneSimulator.Build.0 = AppStore|iPhoneSimulator
		{04A088C8-BB97-4A76-9CDF-BDAA2B5A0451}.AppStore|iPhoneSimulator.Deploy.0 = AppStore|iPhoneSimulator
		{04A088C8-BB97-4A76-9CDF-BDAA2B5A0451}.Debug|Any CPU.ActiveCfg = Debug|iPhoneSimulator
		{04A088C8-BB97-4A76-9CDF-BDAA2B5A0451}.Debug|Any CPU.Build.0 = Debug|iPhoneSimulator
		{04A088C8-BB97-4A76-9CDF-BDAA2B5A0451}.Debug|Any CPU.Deploy.0 = Debug|iPhoneSimulator
		{04A088C8-BB97-4A76-9CDF-BDAA2B5A0451}.Debug|iPhone.ActiveCfg = Debug|iPhone
		{04A088C8-BB97-4A76-9CDF-BDAA2B5A0451}.Debug|iPhone.Build.0 = Debug|iPhone
		{04A088C8-BB97-4A76-9CDF-BDAA2B5A0451}.Debug|iPhone.Deploy.0 = Debug|iPhone
		{04A088C8-BB97-4A76-9CDF-BDAA2B5A0451}.Debug|iPhoneSimulator.ActiveCfg = Debug|iPhoneSimulator
		{04A088C8-BB97-4A76-9CDF-BDAA2B5A0451}.Debug|iPhoneSimulator.Build.0 = Debug|iPhoneSimulator
		{04A088C8-BB97-4A76-9CDF-BDAA2B5A0451}.Debug|iPhoneSimulator.Deploy.0 = Debug|iPhoneSimulator
		{04A088C8-BB97-4A76-9CDF-BDAA2B5A0451}.Release|Any CPU.ActiveCfg = Release|iPhone
		{04A088C8-BB97-4A76-9CDF-BDAA2B5A0451}.Release|Any CPU.Build.0 = Release|iPhone
		{04A088C8-BB97-4A76-9CDF-BDAA2B5A0451}.Release|Any CPU.Deploy.0 = Release|iPhone
		{04A088C8-BB97-4A76-9CDF-BDAA2B5A0451}.Release|iPhone.ActiveCfg = Release|iPhone
		{04A088C8-BB97-4A76-9CDF-BDAA2B5A0451}.Release|iPhone.Build.0 = Release|iPhone
		{04A088C8-BB97-4A76-9CDF-BDAA2B5A0451}.Release|iPhone.Deploy.0 = Release|iPhone
		{04A088C8-BB97-4A76-9CDF-BDAA2B5A0451}.Release|iPhoneSimulator.ActiveCfg = Release|iPhoneSimulator
		{04A088C8-BB97-4A76-9CDF-BDAA2B5A0451}.Release|iPhoneSimulator.Build.0 = Release|iPhoneSimulator
		{04A088C8-BB97-4A76-9CDF-BDAA2B5A0451}.Release|iPhoneSimulator.Deploy.0 = Release|iPhoneSimulator
		{40C783B8-1D98-4C4D-AC5F-B0943B1AD31E}.Ad-Hoc|Any CPU.ActiveCfg = Debug|Any CPU
		{40C783B8-1D98-4C4D-AC5F-B0943B1AD31E}.Ad-Hoc|Any CPU.Build.0 = Debug|Any CPU
		{40C783B8-1D98-4C4D-AC5F-B0943B1AD31E}.Ad-Hoc|Any CPU.Deploy.0 = Debug|Any CPU
		{40C783B8-1D98-4C4D-AC5F-B0943B1AD31E}.Ad-Hoc|iPhone.ActiveCfg = Debug|Any CPU
		{40C783B8-1D98-4C4D-AC5F-B0943B1AD31E}.Ad-Hoc|iPhone.Build.0 = Debug|Any CPU
		{40C783B8-1D98-4C4D-AC5F-B0943B1AD31E}.Ad-Hoc|iPhone.Deploy.0 = Debug|Any CPU
		{40C783B8-1D98-4C4D-AC5F-B0943B1AD31E}.Ad-Hoc|iPhoneSimulator.ActiveCfg = Debug|Any CPU
		{40C783B8-1D98-4C4D-AC5F-B0943B1AD31E}.Ad-Hoc|iPhoneSimulator.Build.0 = Debug|Any CPU
		{40C783B8-1D98-4C4D-AC5F-B0943B1AD31E}.Ad-Hoc|iPhoneSimulator.Deploy.0 = Debug|Any CPU
		{40C783B8-1D98-4C4D-AC5F-B0943B1AD31E}.AppStore|Any CPU.ActiveCfg = Debug|Any CPU
		{40C783B8-1D98-4C4D-AC5F-B0943B1AD31E}.AppStore|Any CPU.Build.0 = Debug|Any CPU
		{40C783B8-1D98-4C4D-AC5F-B0943B1AD31E}.AppStore|Any CPU.Deploy.0 = Debug|Any CPU
		{40C783B8-1D98-4C4D-AC5F-B0943B1AD31E}.AppStore|iPhone.ActiveCfg = Debug|Any CPU
		{40C783B8-1D98-4C4D-AC5F-B0943B1AD31E}.AppStore|iPhone.Build.0 = Debug|Any CPU
		{40C783B8-1D98-4C4D-AC5F-B0943B1AD31E}.AppStore|iPhone.Deploy.0 = Debug|Any CPU
		{40C783B8-1D98-4C4D-AC5F-B0943B1AD31E}.AppStore|iPhoneSimulator.ActiveCfg = Debug|Any CPU
		{40C783B8-1D98-4C4D-AC5F-B0943B1AD31E}.AppStore|iPhoneSimulator.Build.0 = Debug|Any CPU
		{40C783B8-1D98-4C4D-AC5F-B0943B1AD31E}.AppStore|iPhoneSimulator.Deploy.0 = Debug|Any CPU
		{40C783B8-1D98-4C4D-AC5F-B0943B1AD31E}.Debug|Any CPU.ActiveCfg = Debug|Any CPU
		{40C783B8-1D98-4C4D-AC5F-B0943B1AD31E}.Debug|Any CPU.Build.0 = Debug|Any CPU
		{40C783B8-1D98-4C4D-AC5F-B0943B1AD31E}.Debug|Any CPU.Deploy.0 = Debug|Any CPU
		{40C783B8-1D98-4C4D-AC5F-B0943B1AD31E}.Debug|iPhone.ActiveCfg = Debug|Any CPU
		{40C783B8-1D98-4C4D-AC5F-B0943B1AD31E}.Debug|iPhone.Build.0 = Debug|Any CPU
		{40C783B8-1D98-4C4D-AC5F-B0943B1AD31E}.Debug|iPhone.Deploy.0 = Debug|Any CPU
		{40C783B8-1D98-4C4D-AC5F-B0943B1AD31E}.Debug|iPhoneSimulator.ActiveCfg = Debug|Any CPU
		{40C783B8-1D98-4C4D-AC5F-B0943B1AD31E}.Debug|iPhoneSimulator.Build.0 = Debug|Any CPU
		{40C783B8-1D98-4C4D-AC5F-B0943B1AD31E}.Debug|iPhoneSimulator.Deploy.0 = Debug|Any CPU
		{40C783B8-1D98-4C4D-AC5F-B0943B1AD31E}.Release|Any CPU.ActiveCfg = Release|Any CPU
		{40C783B8-1D98-4C4D-AC5F-B0943B1AD31E}.Release|Any CPU.Build.0 = Release|Any CPU
		{40C783B8-1D98-4C4D-AC5F-B0943B1AD31E}.Release|Any CPU.Deploy.0 = Release|Any CPU
		{40C783B8-1D98-4C4D-AC5F-B0943B1AD31E}.Release|iPhone.ActiveCfg = Release|Any CPU
		{40C783B8-1D98-4C4D-AC5F-B0943B1AD31E}.Release|iPhone.Build.0 = Release|Any CPU
		{40C783B8-1D98-4C4D-AC5F-B0943B1AD31E}.Release|iPhone.Deploy.0 = Release|Any CPU
		{40C783B8-1D98-4C4D-AC5F-B0943B1AD31E}.Release|iPhoneSimulator.ActiveCfg = Release|Any CPU
		{40C783B8-1D98-4C4D-AC5F-B0943B1AD31E}.Release|iPhoneSimulator.Build.0 = Release|Any CPU
		{40C783B8-1D98-4C4D-AC5F-B0943B1AD31E}.Release|iPhoneSimulator.Deploy.0 = Release|Any CPU
	EndGlobalSection
	GlobalSection(SolutionProperties) = preSolution
		HideSolutionNode = FALSE
	EndGlobalSection
	GlobalSection(ExtensibilityGlobals) = postSolution
		SolutionGuid = {7AD7BEB9-D7FA-42E2-B962-C6150C184A2E}
	EndGlobalSection
EndGlobal
